
Microsoft Visual Studio Solution File, Format Version 12.00
# Visual Studio Version 17
VisualStudioVersion = 17.4.33205.214
MinimumVisualStudioVersion = 10.0.40219.1
Project("{FAE04EC0-301F-11D3-BF4B-00C04F79EFBC}") = "L37LINQ", "L37LINQ.csproj", "{3B2679E1-F4E7-49FA-AB3E-D9E816F947D3}"
EndProject
Global
	GlobalSection(SolutionConfigurationPlatforms) = preSolution
		Debug|Any CPU = Debug|Any CPU
		Release|Any CPU = Release|Any CPU
	EndGlobalSection
	GlobalSection(ProjectConfigurationPlatforms) = postSolution
		{3B2679E1-F4E7-49FA-AB3E-D9E816F947D3}.Debug|Any CPU.ActiveCfg = Debug|Any CPU
		{3B2679E1-F4E7-49FA-AB3E-D9E816F947D3}.Debug|Any CPU.Build.0 = Debug|Any CPU
		{3B2679E1-F4E7-49FA-AB3E-D9E816F947D3}.Release|Any CPU.ActiveCfg = Release|Any CPU
		{3B2679E1-F4E7-49FA-AB3E-D9E816F947D3}.Release|Any CPU.Build.0 = Release|Any CPU
	EndGlobalSection
	GlobalSection(SolutionProperties) = preSolution
		HideSolutionNode = FALSE
	EndGlobalSection
	GlobalSection(ExtensibilityGlobals) = postSolution
		SolutionGuid = {98BE4C42-7F8E-4BCD-A41E-4786853257DB}
	EndGlobalSection
EndGlobal
