
Microsoft Visual Studio Solution File, Format Version 12.00
# Visual Studio Version 17
VisualStudioVersion = 17.4.33205.214
MinimumVisualStudioVersion = 10.0.40219.1
Project("{FAE04EC0-301F-11D3-BF4B-00C04F79EFBC}") = "L39Type_Attribute", "L39Type_Attribute.csproj", "{984F6AD3-80C8-4606-A970-D35477A961AD}"
EndProject
Global
	GlobalSection(SolutionConfigurationPlatforms) = preSolution
		Debug|Any CPU = Debug|Any CPU
		Release|Any CPU = Release|Any CPU
	EndGlobalSection
	GlobalSection(ProjectConfigurationPlatforms) = postSolution
		{984F6AD3-80C8-4606-A970-D35477A961AD}.Debug|Any CPU.ActiveCfg = Debug|Any CPU
		{984F6AD3-80C8-4606-A970-D35477A961AD}.Debug|Any CPU.Build.0 = Debug|Any CPU
		{984F6AD3-80C8-4606-A970-D35477A961AD}.Release|Any CPU.ActiveCfg = Release|Any CPU
		{984F6AD3-80C8-4606-A970-D35477A961AD}.Release|Any CPU.Build.0 = Release|Any CPU
	EndGlobalSection
	GlobalSection(SolutionProperties) = preSolution
		HideSolutionNode = FALSE
	EndGlobalSection
	GlobalSection(ExtensibilityGlobals) = postSolution
		SolutionGuid = {26D2AC7F-B831-4132-B724-65BA9A47A353}
	EndGlobalSection
EndGlobal
