
Microsoft Visual Studio Solution File, Format Version 12.00
# Visual Studio Version 17
VisualStudioVersion = 17.4.33205.214
MinimumVisualStudioVersion = 10.0.40219.1
Project("{FAE04EC0-301F-11D3-BF4B-00C04F79EFBC}") = "L69Razor_Layout", "L69Razor_Layout.csproj", "{8FEB5A69-9BDD-4E6F-A89F-C0EFD1CE21CC}"
EndProject
Global
	GlobalSection(SolutionConfigurationPlatforms) = preSolution
		Debug|Any CPU = Debug|Any CPU
		Release|Any CPU = Release|Any CPU
	EndGlobalSection
	GlobalSection(ProjectConfigurationPlatforms) = postSolution
		{8FEB5A69-9BDD-4E6F-A89F-C0EFD1CE21CC}.Debug|Any CPU.ActiveCfg = Debug|Any CPU
		{8FEB5A69-9BDD-4E6F-A89F-C0EFD1CE21CC}.Debug|Any CPU.Build.0 = Debug|Any CPU
		{8FEB5A69-9BDD-4E6F-A89F-C0EFD1CE21CC}.Release|Any CPU.ActiveCfg = Release|Any CPU
		{8FEB5A69-9BDD-4E6F-A89F-C0EFD1CE21CC}.Release|Any CPU.Build.0 = Release|Any CPU
	EndGlobalSection
	GlobalSection(SolutionProperties) = preSolution
		HideSolutionNode = FALSE
	EndGlobalSection
	GlobalSection(ExtensibilityGlobals) = postSolution
		SolutionGuid = {5A73A1B2-47E8-4367-A09E-C14B2F08FAE2}
	EndGlobalSection
EndGlobal
