
Microsoft Visual Studio Solution File, Format Version 12.00
# Visual Studio Version 17
VisualStudioVersion = 17.4.33205.214
MinimumVisualStudioVersion = 10.0.40219.1
Project("{FAE04EC0-301F-11D3-BF4B-00C04F79EFBC}") = "L72L73Razor_TagHelper_HtmlHelper", "L72L73Razor_TagHelper_HtmlHelper.csproj", "{5DDC12EA-A964-40EF-8F3C-D8AF45D04E62}"
EndProject
Global
	GlobalSection(SolutionConfigurationPlatforms) = preSolution
		Debug|Any CPU = Debug|Any CPU
		Release|Any CPU = Release|Any CPU
	EndGlobalSection
	GlobalSection(ProjectConfigurationPlatforms) = postSolution
		{5DDC12EA-A964-40EF-8F3C-D8AF45D04E62}.Debug|Any CPU.ActiveCfg = Debug|Any CPU
		{5DDC12EA-A964-40EF-8F3C-D8AF45D04E62}.Debug|Any CPU.Build.0 = Debug|Any CPU
		{5DDC12EA-A964-40EF-8F3C-D8AF45D04E62}.Release|Any CPU.ActiveCfg = Release|Any CPU
		{5DDC12EA-A964-40EF-8F3C-D8AF45D04E62}.Release|Any CPU.Build.0 = Release|Any CPU
	EndGlobalSection
	GlobalSection(SolutionProperties) = preSolution
		HideSolutionNode = FALSE
	EndGlobalSection
	GlobalSection(ExtensibilityGlobals) = postSolution
		SolutionGuid = {17F52A7F-3F28-487A-A939-EB81B936BC8A}
	EndGlobalSection
EndGlobal
