
Microsoft Visual Studio Solution File, Format Version 12.00
# Visual Studio Version 17
VisualStudioVersion = 17.4.33205.214
MinimumVisualStudioVersion = 10.0.40219.1
Project("{FAE04EC0-301F-11D3-BF4B-00C04F79EFBC}") = "L45HTTP_Client", "L45HTTP_Client.csproj", "{C8ADC33F-6B75-4034-B3F8-2DFC2DB53796}"
EndProject
Global
	GlobalSection(SolutionConfigurationPlatforms) = preSolution
		Debug|Any CPU = Debug|Any CPU
		Release|Any CPU = Release|Any CPU
	EndGlobalSection
	GlobalSection(ProjectConfigurationPlatforms) = postSolution
		{C8ADC33F-6B75-4034-B3F8-2DFC2DB53796}.Debug|Any CPU.ActiveCfg = Debug|Any CPU
		{C8ADC33F-6B75-4034-B3F8-2DFC2DB53796}.Debug|Any CPU.Build.0 = Debug|Any CPU
		{C8ADC33F-6B75-4034-B3F8-2DFC2DB53796}.Release|Any CPU.ActiveCfg = Release|Any CPU
		{C8ADC33F-6B75-4034-B3F8-2DFC2DB53796}.Release|Any CPU.Build.0 = Release|Any CPU
	EndGlobalSection
	GlobalSection(SolutionProperties) = preSolution
		HideSolutionNode = FALSE
	EndGlobalSection
	GlobalSection(ExtensibilityGlobals) = postSolution
		SolutionGuid = {86FC4E0F-390A-4AC4-8FA7-6AE885FD3850}
	EndGlobalSection
EndGlobal
