
Microsoft Visual Studio Solution File, Format Version 12.00
# Visual Studio Version 17
VisualStudioVersion = 17.4.33205.214
MinimumVisualStudioVersion = 10.0.40219.1
Project("{FAE04EC0-301F-11D3-BF4B-00C04F79EFBC}") = "L23Lamda_Delegate", "L23Lamda_Delegate.csproj", "{BACCF136-289C-4B1E-8064-2ECC2A734382}"
EndProject
Global
	GlobalSection(SolutionConfigurationPlatforms) = preSolution
		Debug|Any CPU = Debug|Any CPU
		Release|Any CPU = Release|Any CPU
	EndGlobalSection
	GlobalSection(ProjectConfigurationPlatforms) = postSolution
		{BACCF136-289C-4B1E-8064-2ECC2A734382}.Debug|Any CPU.ActiveCfg = Debug|Any CPU
		{BACCF136-289C-4B1E-8064-2ECC2A734382}.Debug|Any CPU.Build.0 = Debug|Any CPU
		{BACCF136-289C-4B1E-8064-2ECC2A734382}.Release|Any CPU.ActiveCfg = Release|Any CPU
		{BACCF136-289C-4B1E-8064-2ECC2A734382}.Release|Any CPU.Build.0 = Release|Any CPU
	EndGlobalSection
	GlobalSection(SolutionProperties) = preSolution
		HideSolutionNode = FALSE
	EndGlobalSection
	GlobalSection(ExtensibilityGlobals) = postSolution
		SolutionGuid = {9B78765E-8EFC-4A34-9D9F-BC8415C0383E}
	EndGlobalSection
EndGlobal
